
Microsoft Visual Studio Solution File, Format Version 12.00
# Visual Studio 2013
VisualStudioVersion = 12.0.21005.1
MinimumVisualStudioVersion = 10.0.40219.1
Project("{8BC9CEB8-8B4A-11D0-8D11-00A0C91BC942}") = "HelloSocket", "HelloSocket\HelloSocket.vcxproj", "{FDC10B3A-9E2F-4374-B172-4A899A9A2152}"
EndProject
Project("{8BC9CEB8-8B4A-11D0-8D11-00A0C91BC942}") = "EasyTcpServer", "EasyTcpServer\EasyTcpServer.vcxproj", "{D5EDCC10-4EB9-4190-9057-D1DEC647F4DB}"
EndProject
Project("{8BC9CEB8-8B4A-11D0-8D11-00A0C91BC942}") = "EasyTcpClient", "EasyTcpClient\EasyTcpClient.vcxproj", "{7F61051E-371E-4525-8C93-BA7331959933}"
EndProject
Global
	GlobalSection(SolutionConfigurationPlatforms) = preSolution
		Debug|Win32 = Debug|Win32
		Release|Win32 = Release|Win32
	EndGlobalSection
	GlobalSection(ProjectConfigurationPlatforms) = postSolution
		{FDC10B3A-9E2F-4374-B172-4A899A9A2152}.Debug|Win32.ActiveCfg = Debug|Win32
		{FDC10B3A-9E2F-4374-B172-4A899A9A2152}.Debug|Win32.Build.0 = Debug|Win32
		{FDC10B3A-9E2F-4374-B172-4A899A9A2152}.Release|Win32.ActiveCfg = Release|Win32
		{FDC10B3A-9E2F-4374-B172-4A899A9A2152}.Release|Win32.Build.0 = Release|Win32
		{D5EDCC10-4EB9-4190-9057-D1DEC647F4DB}.Debug|Win32.ActiveCfg = Debug|Win32
		{D5EDCC10-4EB9-4190-9057-D1DEC647F4DB}.Debug|Win32.Build.0 = Debug|Win32
		{D5EDCC10-4EB9-4190-9057-D1DEC647F4DB}.Release|Win32.ActiveCfg = Release|Win32
		{D5EDCC10-4EB9-4190-9057-D1DEC647F4DB}.Release|Win32.Build.0 = Release|Win32
		{7F61051E-371E-4525-8C93-BA7331959933}.Debug|Win32.ActiveCfg = Debug|Win32
		{7F61051E-371E-4525-8C93-BA7331959933}.Debug|Win32.Build.0 = Debug|Win32
		{7F61051E-371E-4525-8C93-BA7331959933}.Release|Win32.ActiveCfg = Release|Win32
		{7F61051E-371E-4525-8C93-BA7331959933}.Release|Win32.Build.0 = Release|Win32
	EndGlobalSection
	GlobalSection(SolutionProperties) = preSolution
		HideSolutionNode = FALSE
	EndGlobalSection
EndGlobal
